
Microsoft Visual Studio Solution File, Format Version 12.00
# Visual Studio 15
VisualStudioVersion = 15.0.28307.902
MinimumVisualStudioVersion = 10.0.40219.1
Project("{FAE04EC0-301F-11D3-BF4B-00C04F79EFBC}") = "Exercise_19", "Exercise_19\Exercise_19.csproj", "{7052DE2F-73EE-4080-B73B-74E43D1AC833}"
EndProject
Global
	GlobalSection(SolutionConfigurationPlatforms) = preSolution
		Debug|Any CPU = Debug|Any CPU
		Release|Any CPU = Release|Any CPU
	EndGlobalSection
	GlobalSection(ProjectConfigurationPlatforms) = postSolution
		{7052DE2F-73EE-4080-B73B-74E43D1AC833}.Debug|Any CPU.ActiveCfg = Debug|Any CPU
		{7052DE2F-73EE-4080-B73B-74E43D1AC833}.Debug|Any CPU.Build.0 = Debug|Any CPU
		{7052DE2F-73EE-4080-B73B-74E43D1AC833}.Release|Any CPU.ActiveCfg = Release|Any CPU
		{7052DE2F-73EE-4080-B73B-74E43D1AC833}.Release|Any CPU.Build.0 = Release|Any CPU
	EndGlobalSection
	GlobalSection(SolutionProperties) = preSolution
		HideSolutionNode = FALSE
	EndGlobalSection
	GlobalSection(ExtensibilityGlobals) = postSolution
		SolutionGuid = {8FA7F33E-D464-4243-B58C-5A40F71DE501}
	EndGlobalSection
EndGlobal
