
Microsoft Visual Studio Solution File, Format Version 12.00
# Visual Studio Version 16
VisualStudioVersion = 16.0.30517.126
MinimumVisualStudioVersion = 10.0.40219.1
Project("{FAE04EC0-301F-11D3-BF4B-00C04F79EFBC}") = "Exercise_28", "Exercise_28.csproj", "{C33DD93C-5254-45CD-89B1-64E6A4106C98}"
EndProject
Global
	GlobalSection(SolutionConfigurationPlatforms) = preSolution
		Debug|Any CPU = Debug|Any CPU
		Release|Any CPU = Release|Any CPU
	EndGlobalSection
	GlobalSection(ProjectConfigurationPlatforms) = postSolution
		{C33DD93C-5254-45CD-89B1-64E6A4106C98}.Debug|Any CPU.ActiveCfg = Debug|Any CPU
		{C33DD93C-5254-45CD-89B1-64E6A4106C98}.Debug|Any CPU.Build.0 = Debug|Any CPU
		{C33DD93C-5254-45CD-89B1-64E6A4106C98}.Release|Any CPU.ActiveCfg = Release|Any CPU
		{C33DD93C-5254-45CD-89B1-64E6A4106C98}.Release|Any CPU.Build.0 = Release|Any CPU
	EndGlobalSection
	GlobalSection(SolutionProperties) = preSolution
		HideSolutionNode = FALSE
	EndGlobalSection
	GlobalSection(ExtensibilityGlobals) = postSolution
		SolutionGuid = {09C7EDC1-979F-45E1-B0E3-C9F0C61CCB7A}
	EndGlobalSection
EndGlobal
