
Microsoft Visual Studio Solution File, Format Version 12.00
# Visual Studio 15
VisualStudioVersion = 15.0.28307.902
MinimumVisualStudioVersion = 10.0.40219.1
Project("{FAE04EC0-301F-11D3-BF4B-00C04F79EFBC}") = "Exercise_18", "Exercise_18\Exercise_18.csproj", "{A31A9107-8220-4F19-B48F-FED7030ADC12}"
EndProject
Global
	GlobalSection(SolutionConfigurationPlatforms) = preSolution
		Debug|Any CPU = Debug|Any CPU
		Release|Any CPU = Release|Any CPU
	EndGlobalSection
	GlobalSection(ProjectConfigurationPlatforms) = postSolution
		{A31A9107-8220-4F19-B48F-FED7030ADC12}.Debug|Any CPU.ActiveCfg = Debug|Any CPU
		{A31A9107-8220-4F19-B48F-FED7030ADC12}.Debug|Any CPU.Build.0 = Debug|Any CPU
		{A31A9107-8220-4F19-B48F-FED7030ADC12}.Release|Any CPU.ActiveCfg = Release|Any CPU
		{A31A9107-8220-4F19-B48F-FED7030ADC12}.Release|Any CPU.Build.0 = Release|Any CPU
	EndGlobalSection
	GlobalSection(SolutionProperties) = preSolution
		HideSolutionNode = FALSE
	EndGlobalSection
	GlobalSection(ExtensibilityGlobals) = postSolution
		SolutionGuid = {A1444D3F-1F5A-4C6A-A5C5-0D03D5611BED}
	EndGlobalSection
EndGlobal
