
Microsoft Visual Studio Solution File, Format Version 12.00
# Visual Studio Version 16
VisualStudioVersion = 16.0.30517.126
MinimumVisualStudioVersion = 10.0.40219.1
Project("{FAE04EC0-301F-11D3-BF4B-00C04F79EFBC}") = "Exercise_60", "Exercise_60.csproj", "{76B4C1FC-B0F4-4206-918E-682F6FCC4D2D}"
EndProject
Global
	GlobalSection(SolutionConfigurationPlatforms) = preSolution
		Debug|Any CPU = Debug|Any CPU
		Release|Any CPU = Release|Any CPU
	EndGlobalSection
	GlobalSection(ProjectConfigurationPlatforms) = postSolution
		{76B4C1FC-B0F4-4206-918E-682F6FCC4D2D}.Debug|Any CPU.ActiveCfg = Debug|Any CPU
		{76B4C1FC-B0F4-4206-918E-682F6FCC4D2D}.Debug|Any CPU.Build.0 = Debug|Any CPU
		{76B4C1FC-B0F4-4206-918E-682F6FCC4D2D}.Release|Any CPU.ActiveCfg = Release|Any CPU
		{76B4C1FC-B0F4-4206-918E-682F6FCC4D2D}.Release|Any CPU.Build.0 = Release|Any CPU
	EndGlobalSection
	GlobalSection(SolutionProperties) = preSolution
		HideSolutionNode = FALSE
	EndGlobalSection
	GlobalSection(ExtensibilityGlobals) = postSolution
		SolutionGuid = {69787F45-3135-422A-8702-A9136C3550EA}
	EndGlobalSection
EndGlobal
