
Microsoft Visual Studio Solution File, Format Version 12.00
# Visual Studio Version 16
VisualStudioVersion = 16.0.30517.126
MinimumVisualStudioVersion = 10.0.40219.1
Project("{FAE04EC0-301F-11D3-BF4B-00C04F79EFBC}") = "Exercise_55", "Exercise_55.csproj", "{BCB556B0-2835-4511-8FB7-833A41C399FE}"
EndProject
Global
	GlobalSection(SolutionConfigurationPlatforms) = preSolution
		Debug|Any CPU = Debug|Any CPU
		Release|Any CPU = Release|Any CPU
	EndGlobalSection
	GlobalSection(ProjectConfigurationPlatforms) = postSolution
		{BCB556B0-2835-4511-8FB7-833A41C399FE}.Debug|Any CPU.ActiveCfg = Debug|Any CPU
		{BCB556B0-2835-4511-8FB7-833A41C399FE}.Debug|Any CPU.Build.0 = Debug|Any CPU
		{BCB556B0-2835-4511-8FB7-833A41C399FE}.Release|Any CPU.ActiveCfg = Release|Any CPU
		{BCB556B0-2835-4511-8FB7-833A41C399FE}.Release|Any CPU.Build.0 = Release|Any CPU
	EndGlobalSection
	GlobalSection(SolutionProperties) = preSolution
		HideSolutionNode = FALSE
	EndGlobalSection
	GlobalSection(ExtensibilityGlobals) = postSolution
		SolutionGuid = {CA7439CE-B04F-4385-858A-7597FBDC433D}
	EndGlobalSection
EndGlobal
