
Microsoft Visual Studio Solution File, Format Version 12.00
# Visual Studio 15
VisualStudioVersion = 15.0.28307.902
MinimumVisualStudioVersion = 10.0.40219.1
Project("{FAE04EC0-301F-11D3-BF4B-00C04F79EFBC}") = "Exercise_13", "Exercise_13\Exercise_13.csproj", "{E0B94A28-4915-43EC-B0AA-7B17840AC13E}"
EndProject
Global
	GlobalSection(SolutionConfigurationPlatforms) = preSolution
		Debug|Any CPU = Debug|Any CPU
		Release|Any CPU = Release|Any CPU
	EndGlobalSection
	GlobalSection(ProjectConfigurationPlatforms) = postSolution
		{E0B94A28-4915-43EC-B0AA-7B17840AC13E}.Debug|Any CPU.ActiveCfg = Debug|Any CPU
		{E0B94A28-4915-43EC-B0AA-7B17840AC13E}.Debug|Any CPU.Build.0 = Debug|Any CPU
		{E0B94A28-4915-43EC-B0AA-7B17840AC13E}.Release|Any CPU.ActiveCfg = Release|Any CPU
		{E0B94A28-4915-43EC-B0AA-7B17840AC13E}.Release|Any CPU.Build.0 = Release|Any CPU
	EndGlobalSection
	GlobalSection(SolutionProperties) = preSolution
		HideSolutionNode = FALSE
	EndGlobalSection
	GlobalSection(ExtensibilityGlobals) = postSolution
		SolutionGuid = {792756FA-9386-41FA-8AAE-88860A3DCB12}
	EndGlobalSection
EndGlobal
