
Microsoft Visual Studio Solution File, Format Version 12.00
# Visual Studio Version 16
VisualStudioVersion = 16.0.30517.126
MinimumVisualStudioVersion = 10.0.40219.1
Project("{FAE04EC0-301F-11D3-BF4B-00C04F79EFBC}") = "Exercise_47", "Exercise_47.csproj", "{37A16989-EA87-4480-9F9F-CE757E0F6C79}"
EndProject
Global
	GlobalSection(SolutionConfigurationPlatforms) = preSolution
		Debug|Any CPU = Debug|Any CPU
		Release|Any CPU = Release|Any CPU
	EndGlobalSection
	GlobalSection(ProjectConfigurationPlatforms) = postSolution
		{37A16989-EA87-4480-9F9F-CE757E0F6C79}.Debug|Any CPU.ActiveCfg = Debug|Any CPU
		{37A16989-EA87-4480-9F9F-CE757E0F6C79}.Debug|Any CPU.Build.0 = Debug|Any CPU
		{37A16989-EA87-4480-9F9F-CE757E0F6C79}.Release|Any CPU.ActiveCfg = Release|Any CPU
		{37A16989-EA87-4480-9F9F-CE757E0F6C79}.Release|Any CPU.Build.0 = Release|Any CPU
	EndGlobalSection
	GlobalSection(SolutionProperties) = preSolution
		HideSolutionNode = FALSE
	EndGlobalSection
	GlobalSection(ExtensibilityGlobals) = postSolution
		SolutionGuid = {55FA4BCF-BE38-48D8-9C6A-69C57922E855}
	EndGlobalSection
EndGlobal
